
Microsoft Visual Studio Solution File, Format Version 12.00
# Visual Studio Version 17
VisualStudioVersion = 17.5.33516.290
MinimumVisualStudioVersion = 10.0.40219.1
Project("{FAE04EC0-301F-11D3-BF4B-00C04F79EFBC}") = "BasicMathUnitTesting", "BasicMathUnitTesting\BasicMathUnitTesting.csproj", "{1510F887-2312-4A55-9908-7E2D6060BCF2}"
EndProject
Project("{FAE04EC0-301F-11D3-BF4B-00C04F79EFBC}") = "BMUnitTest", "BMUnitTest\BMUnitTest.csproj", "{51D27946-F39E-4569-846F-D1C37D5E2BAD}"
EndProject
Global
	GlobalSection(SolutionConfigurationPlatforms) = preSolution
		Debug|Any CPU = Debug|Any CPU
		Release|Any CPU = Release|Any CPU
	EndGlobalSection
	GlobalSection(ProjectConfigurationPlatforms) = postSolution
		{1510F887-2312-4A55-9908-7E2D6060BCF2}.Debug|Any CPU.ActiveCfg = Debug|Any CPU
		{1510F887-2312-4A55-9908-7E2D6060BCF2}.Debug|Any CPU.Build.0 = Debug|Any CPU
		{1510F887-2312-4A55-9908-7E2D6060BCF2}.Release|Any CPU.ActiveCfg = Release|Any CPU
		{1510F887-2312-4A55-9908-7E2D6060BCF2}.Release|Any CPU.Build.0 = Release|Any CPU
		{51D27946-F39E-4569-846F-D1C37D5E2BAD}.Debug|Any CPU.ActiveCfg = Debug|Any CPU
		{51D27946-F39E-4569-846F-D1C37D5E2BAD}.Debug|Any CPU.Build.0 = Debug|Any CPU
		{51D27946-F39E-4569-846F-D1C37D5E2BAD}.Release|Any CPU.ActiveCfg = Release|Any CPU
		{51D27946-F39E-4569-846F-D1C37D5E2BAD}.Release|Any CPU.Build.0 = Release|Any CPU
	EndGlobalSection
	GlobalSection(SolutionProperties) = preSolution
		HideSolutionNode = FALSE
	EndGlobalSection
	GlobalSection(ExtensibilityGlobals) = postSolution
		SolutionGuid = {EF44D10C-1749-4EEE-9676-2DAD68132FC7}
	EndGlobalSection
EndGlobal
