
Microsoft Visual Studio Solution File, Format Version 12.00
# Visual Studio Version 17
VisualStudioVersion = 17.5.33516.290
MinimumVisualStudioVersion = 10.0.40219.1
Project("{FAE04EC0-301F-11D3-BF4B-00C04F79EFBC}") = "LINQExtnMthds", "LINQExtnMthds\LINQExtnMthds.csproj", "{884BBFE6-83EF-467B-B2A8-7F4E269ADC65}"
EndProject
Global
	GlobalSection(SolutionConfigurationPlatforms) = preSolution
		Debug|Any CPU = Debug|Any CPU
		Release|Any CPU = Release|Any CPU
	EndGlobalSection
	GlobalSection(ProjectConfigurationPlatforms) = postSolution
		{884BBFE6-83EF-467B-B2A8-7F4E269ADC65}.Debug|Any CPU.ActiveCfg = Debug|Any CPU
		{884BBFE6-83EF-467B-B2A8-7F4E269ADC65}.Debug|Any CPU.Build.0 = Debug|Any CPU
		{884BBFE6-83EF-467B-B2A8-7F4E269ADC65}.Release|Any CPU.ActiveCfg = Release|Any CPU
		{884BBFE6-83EF-467B-B2A8-7F4E269ADC65}.Release|Any CPU.Build.0 = Release|Any CPU
	EndGlobalSection
	GlobalSection(SolutionProperties) = preSolution
		HideSolutionNode = FALSE
	EndGlobalSection
	GlobalSection(ExtensibilityGlobals) = postSolution
		SolutionGuid = {442DFEC3-7D37-4939-8D94-D0721F203191}
	EndGlobalSection
EndGlobal
