
Microsoft Visual Studio Solution File, Format Version 12.00
# Visual Studio Version 17
VisualStudioVersion = 17.5.33516.290
MinimumVisualStudioVersion = 10.0.40219.1
Project("{FAE04EC0-301F-11D3-BF4B-00C04F79EFBC}") = "Voting", "Voting\Voting.csproj", "{72EE4FBD-4917-4E01-82EA-D30B5F9A4BE8}"
EndProject
Global
	GlobalSection(SolutionConfigurationPlatforms) = preSolution
		Debug|Any CPU = Debug|Any CPU
		Release|Any CPU = Release|Any CPU
	EndGlobalSection
	GlobalSection(ProjectConfigurationPlatforms) = postSolution
		{72EE4FBD-4917-4E01-82EA-D30B5F9A4BE8}.Debug|Any CPU.ActiveCfg = Debug|Any CPU
		{72EE4FBD-4917-4E01-82EA-D30B5F9A4BE8}.Debug|Any CPU.Build.0 = Debug|Any CPU
		{72EE4FBD-4917-4E01-82EA-D30B5F9A4BE8}.Release|Any CPU.ActiveCfg = Release|Any CPU
		{72EE4FBD-4917-4E01-82EA-D30B5F9A4BE8}.Release|Any CPU.Build.0 = Release|Any CPU
	EndGlobalSection
	GlobalSection(SolutionProperties) = preSolution
		HideSolutionNode = FALSE
	EndGlobalSection
	GlobalSection(ExtensibilityGlobals) = postSolution
		SolutionGuid = {2B47C9A7-22D4-4020-87CA-B4880A69F3B9}
	EndGlobalSection
EndGlobal
