
Microsoft Visual Studio Solution File, Format Version 12.00
# Visual Studio Version 17
VisualStudioVersion = 17.5.33516.290
MinimumVisualStudioVersion = 10.0.40219.1
Project("{FAE04EC0-301F-11D3-BF4B-00C04F79EFBC}") = "Challenge1", "Challenge1\Challenge1.csproj", "{82B2607A-DCCD-4E49-ACAB-1D1DD56CC8A2}"
EndProject
Global
	GlobalSection(SolutionConfigurationPlatforms) = preSolution
		Debug|Any CPU = Debug|Any CPU
		Release|Any CPU = Release|Any CPU
	EndGlobalSection
	GlobalSection(ProjectConfigurationPlatforms) = postSolution
		{82B2607A-DCCD-4E49-ACAB-1D1DD56CC8A2}.Debug|Any CPU.ActiveCfg = Debug|Any CPU
		{82B2607A-DCCD-4E49-ACAB-1D1DD56CC8A2}.Debug|Any CPU.Build.0 = Debug|Any CPU
		{82B2607A-DCCD-4E49-ACAB-1D1DD56CC8A2}.Release|Any CPU.ActiveCfg = Release|Any CPU
		{82B2607A-DCCD-4E49-ACAB-1D1DD56CC8A2}.Release|Any CPU.Build.0 = Release|Any CPU
	EndGlobalSection
	GlobalSection(SolutionProperties) = preSolution
		HideSolutionNode = FALSE
	EndGlobalSection
	GlobalSection(ExtensibilityGlobals) = postSolution
		SolutionGuid = {D089EC43-635F-4C68-A44A-7D2DB5E585E9}
	EndGlobalSection
EndGlobal
