
Microsoft Visual Studio Solution File, Format Version 12.00
# Visual Studio Version 17
VisualStudioVersion = 17.5.33516.290
MinimumVisualStudioVersion = 10.0.40219.1
Project("{FAE04EC0-301F-11D3-BF4B-00C04F79EFBC}") = "ForLoop4tbl", "ForLoop4tbl\ForLoop4tbl.csproj", "{30B2F82B-19A5-46F7-B7F7-97B41DAD34FC}"
EndProject
Global
	GlobalSection(SolutionConfigurationPlatforms) = preSolution
		Debug|Any CPU = Debug|Any CPU
		Release|Any CPU = Release|Any CPU
	EndGlobalSection
	GlobalSection(ProjectConfigurationPlatforms) = postSolution
		{30B2F82B-19A5-46F7-B7F7-97B41DAD34FC}.Debug|Any CPU.ActiveCfg = Debug|Any CPU
		{30B2F82B-19A5-46F7-B7F7-97B41DAD34FC}.Debug|Any CPU.Build.0 = Debug|Any CPU
		{30B2F82B-19A5-46F7-B7F7-97B41DAD34FC}.Release|Any CPU.ActiveCfg = Release|Any CPU
		{30B2F82B-19A5-46F7-B7F7-97B41DAD34FC}.Release|Any CPU.Build.0 = Release|Any CPU
	EndGlobalSection
	GlobalSection(SolutionProperties) = preSolution
		HideSolutionNode = FALSE
	EndGlobalSection
	GlobalSection(ExtensibilityGlobals) = postSolution
		SolutionGuid = {3BC78869-14F3-45D4-9100-52657EA0C51E}
	EndGlobalSection
EndGlobal
