
Microsoft Visual Studio Solution File, Format Version 12.00
# Visual Studio Version 17
VisualStudioVersion = 17.5.33516.290
MinimumVisualStudioVersion = 10.0.40219.1
Project("{FAE04EC0-301F-11D3-BF4B-00C04F79EFBC}") = "StreamRWDemo", "StreamRWDemo\StreamRWDemo.csproj", "{B90543F8-806D-4768-9C12-D45D3EC45CF2}"
EndProject
Global
	GlobalSection(SolutionConfigurationPlatforms) = preSolution
		Debug|Any CPU = Debug|Any CPU
		Release|Any CPU = Release|Any CPU
	EndGlobalSection
	GlobalSection(ProjectConfigurationPlatforms) = postSolution
		{B90543F8-806D-4768-9C12-D45D3EC45CF2}.Debug|Any CPU.ActiveCfg = Debug|Any CPU
		{B90543F8-806D-4768-9C12-D45D3EC45CF2}.Debug|Any CPU.Build.0 = Debug|Any CPU
		{B90543F8-806D-4768-9C12-D45D3EC45CF2}.Release|Any CPU.ActiveCfg = Release|Any CPU
		{B90543F8-806D-4768-9C12-D45D3EC45CF2}.Release|Any CPU.Build.0 = Release|Any CPU
	EndGlobalSection
	GlobalSection(SolutionProperties) = preSolution
		HideSolutionNode = FALSE
	EndGlobalSection
	GlobalSection(ExtensibilityGlobals) = postSolution
		SolutionGuid = {758C4CF5-68F2-4AC2-836B-331A42B97B36}
	EndGlobalSection
EndGlobal
