
Microsoft Visual Studio Solution File, Format Version 12.00
# Visual Studio Version 17
VisualStudioVersion = 17.5.33516.290
MinimumVisualStudioVersion = 10.0.40219.1
Project("{FAE04EC0-301F-11D3-BF4B-00C04F79EFBC}") = "Abstract1", "Abstract1\Abstract1.csproj", "{764694AE-9424-44D0-A1F0-38DF4F226F91}"
EndProject
Global
	GlobalSection(SolutionConfigurationPlatforms) = preSolution
		Debug|Any CPU = Debug|Any CPU
		Release|Any CPU = Release|Any CPU
	EndGlobalSection
	GlobalSection(ProjectConfigurationPlatforms) = postSolution
		{764694AE-9424-44D0-A1F0-38DF4F226F91}.Debug|Any CPU.ActiveCfg = Debug|Any CPU
		{764694AE-9424-44D0-A1F0-38DF4F226F91}.Debug|Any CPU.Build.0 = Debug|Any CPU
		{764694AE-9424-44D0-A1F0-38DF4F226F91}.Release|Any CPU.ActiveCfg = Release|Any CPU
		{764694AE-9424-44D0-A1F0-38DF4F226F91}.Release|Any CPU.Build.0 = Release|Any CPU
	EndGlobalSection
	GlobalSection(SolutionProperties) = preSolution
		HideSolutionNode = FALSE
	EndGlobalSection
	GlobalSection(ExtensibilityGlobals) = postSolution
		SolutionGuid = {AF2ED8D5-B1C3-44B4-AA24-9F535DEDE91C}
	EndGlobalSection
EndGlobal
