
Microsoft Visual Studio Solution File, Format Version 12.00
# Visual Studio Version 17
VisualStudioVersion = 17.5.33516.290
MinimumVisualStudioVersion = 10.0.40219.1
Project("{FAE04EC0-301F-11D3-BF4B-00C04F79EFBC}") = "dectobin", "dectobin\dectobin.csproj", "{51C4BA6D-F3EA-440C-8916-CE34CED9A23D}"
EndProject
Global
	GlobalSection(SolutionConfigurationPlatforms) = preSolution
		Debug|Any CPU = Debug|Any CPU
		Release|Any CPU = Release|Any CPU
	EndGlobalSection
	GlobalSection(ProjectConfigurationPlatforms) = postSolution
		{51C4BA6D-F3EA-440C-8916-CE34CED9A23D}.Debug|Any CPU.ActiveCfg = Debug|Any CPU
		{51C4BA6D-F3EA-440C-8916-CE34CED9A23D}.Debug|Any CPU.Build.0 = Debug|Any CPU
		{51C4BA6D-F3EA-440C-8916-CE34CED9A23D}.Release|Any CPU.ActiveCfg = Release|Any CPU
		{51C4BA6D-F3EA-440C-8916-CE34CED9A23D}.Release|Any CPU.Build.0 = Release|Any CPU
	EndGlobalSection
	GlobalSection(SolutionProperties) = preSolution
		HideSolutionNode = FALSE
	EndGlobalSection
	GlobalSection(ExtensibilityGlobals) = postSolution
		SolutionGuid = {0BA85735-8B03-4913-8F65-B4A785F75E69}
	EndGlobalSection
EndGlobal
