
Microsoft Visual Studio Solution File, Format Version 12.00
# Visual Studio Version 17
VisualStudioVersion = 17.5.33516.290
MinimumVisualStudioVersion = 10.0.40219.1
Project("{FAE04EC0-301F-11D3-BF4B-00C04F79EFBC}") = "Challenge1", "Challenge1\Challenge1.csproj", "{ECDEE7B4-0E67-4B6D-88F3-1564DA10B81C}"
EndProject
Global
	GlobalSection(SolutionConfigurationPlatforms) = preSolution
		Debug|Any CPU = Debug|Any CPU
		Release|Any CPU = Release|Any CPU
	EndGlobalSection
	GlobalSection(ProjectConfigurationPlatforms) = postSolution
		{ECDEE7B4-0E67-4B6D-88F3-1564DA10B81C}.Debug|Any CPU.ActiveCfg = Debug|Any CPU
		{ECDEE7B4-0E67-4B6D-88F3-1564DA10B81C}.Debug|Any CPU.Build.0 = Debug|Any CPU
		{ECDEE7B4-0E67-4B6D-88F3-1564DA10B81C}.Release|Any CPU.ActiveCfg = Release|Any CPU
		{ECDEE7B4-0E67-4B6D-88F3-1564DA10B81C}.Release|Any CPU.Build.0 = Release|Any CPU
	EndGlobalSection
	GlobalSection(SolutionProperties) = preSolution
		HideSolutionNode = FALSE
	EndGlobalSection
	GlobalSection(ExtensibilityGlobals) = postSolution
		SolutionGuid = {6FC2E9CB-0E37-40ED-8351-AF05B70EE20E}
	EndGlobalSection
EndGlobal
