
Microsoft Visual Studio Solution File, Format Version 12.00
# Visual Studio Version 17
VisualStudioVersion = 17.5.33516.290
MinimumVisualStudioVersion = 10.0.40219.1
Project("{FAE04EC0-301F-11D3-BF4B-00C04F79EFBC}") = "ForLoop5ptrn1", "ForLoop5ptrn1\ForLoop5ptrn1.csproj", "{6B258F60-A337-4953-BD95-C7851AB989CB}"
EndProject
Global
	GlobalSection(SolutionConfigurationPlatforms) = preSolution
		Debug|Any CPU = Debug|Any CPU
		Release|Any CPU = Release|Any CPU
	EndGlobalSection
	GlobalSection(ProjectConfigurationPlatforms) = postSolution
		{6B258F60-A337-4953-BD95-C7851AB989CB}.Debug|Any CPU.ActiveCfg = Debug|Any CPU
		{6B258F60-A337-4953-BD95-C7851AB989CB}.Debug|Any CPU.Build.0 = Debug|Any CPU
		{6B258F60-A337-4953-BD95-C7851AB989CB}.Release|Any CPU.ActiveCfg = Release|Any CPU
		{6B258F60-A337-4953-BD95-C7851AB989CB}.Release|Any CPU.Build.0 = Release|Any CPU
	EndGlobalSection
	GlobalSection(SolutionProperties) = preSolution
		HideSolutionNode = FALSE
	EndGlobalSection
	GlobalSection(ExtensibilityGlobals) = postSolution
		SolutionGuid = {5B762E7C-790F-4F1F-8F8F-F936609149E1}
	EndGlobalSection
EndGlobal
