
Microsoft Visual Studio Solution File, Format Version 12.00
# Visual Studio Version 17
VisualStudioVersion = 17.5.33516.290
MinimumVisualStudioVersion = 10.0.40219.1
Project("{FAE04EC0-301F-11D3-BF4B-00C04F79EFBC}") = "AnonymSum", "AnonymSum\AnonymSum.csproj", "{92757BED-C641-45DB-A287-076F3C187117}"
EndProject
Global
	GlobalSection(SolutionConfigurationPlatforms) = preSolution
		Debug|Any CPU = Debug|Any CPU
		Release|Any CPU = Release|Any CPU
	EndGlobalSection
	GlobalSection(ProjectConfigurationPlatforms) = postSolution
		{92757BED-C641-45DB-A287-076F3C187117}.Debug|Any CPU.ActiveCfg = Debug|Any CPU
		{92757BED-C641-45DB-A287-076F3C187117}.Debug|Any CPU.Build.0 = Debug|Any CPU
		{92757BED-C641-45DB-A287-076F3C187117}.Release|Any CPU.ActiveCfg = Release|Any CPU
		{92757BED-C641-45DB-A287-076F3C187117}.Release|Any CPU.Build.0 = Release|Any CPU
	EndGlobalSection
	GlobalSection(SolutionProperties) = preSolution
		HideSolutionNode = FALSE
	EndGlobalSection
	GlobalSection(ExtensibilityGlobals) = postSolution
		SolutionGuid = {FBC5E287-47EA-469F-91AD-D7198995D611}
	EndGlobalSection
EndGlobal
