
Microsoft Visual Studio Solution File, Format Version 12.00
# Visual Studio Version 17
VisualStudioVersion = 17.5.33516.290
MinimumVisualStudioVersion = 10.0.40219.1
Project("{FAE04EC0-301F-11D3-BF4B-00C04F79EFBC}") = "LuckyNo", "LuckyNo\LuckyNo.csproj", "{8F49300B-BECF-4ABB-9698-AD3B5E50F556}"
EndProject
Global
	GlobalSection(SolutionConfigurationPlatforms) = preSolution
		Debug|Any CPU = Debug|Any CPU
		Release|Any CPU = Release|Any CPU
	EndGlobalSection
	GlobalSection(ProjectConfigurationPlatforms) = postSolution
		{8F49300B-BECF-4ABB-9698-AD3B5E50F556}.Debug|Any CPU.ActiveCfg = Debug|Any CPU
		{8F49300B-BECF-4ABB-9698-AD3B5E50F556}.Debug|Any CPU.Build.0 = Debug|Any CPU
		{8F49300B-BECF-4ABB-9698-AD3B5E50F556}.Release|Any CPU.ActiveCfg = Release|Any CPU
		{8F49300B-BECF-4ABB-9698-AD3B5E50F556}.Release|Any CPU.Build.0 = Release|Any CPU
	EndGlobalSection
	GlobalSection(SolutionProperties) = preSolution
		HideSolutionNode = FALSE
	EndGlobalSection
	GlobalSection(ExtensibilityGlobals) = postSolution
		SolutionGuid = {139C4C20-08DB-4D6C-9A37-7B8A0CC9E0EE}
	EndGlobalSection
EndGlobal
