
Microsoft Visual Studio Solution File, Format Version 12.00
# Visual Studio Version 17
VisualStudioVersion = 17.5.33516.290
MinimumVisualStudioVersion = 10.0.40219.1
Project("{FAE04EC0-301F-11D3-BF4B-00C04F79EFBC}") = "CollectionsDemo", "CollectionsDemo\CollectionsDemo.csproj", "{7B2E9B87-580C-4D6E-854C-262BB18D8938}"
EndProject
Global
	GlobalSection(SolutionConfigurationPlatforms) = preSolution
		Debug|Any CPU = Debug|Any CPU
		Release|Any CPU = Release|Any CPU
	EndGlobalSection
	GlobalSection(ProjectConfigurationPlatforms) = postSolution
		{7B2E9B87-580C-4D6E-854C-262BB18D8938}.Debug|Any CPU.ActiveCfg = Debug|Any CPU
		{7B2E9B87-580C-4D6E-854C-262BB18D8938}.Debug|Any CPU.Build.0 = Debug|Any CPU
		{7B2E9B87-580C-4D6E-854C-262BB18D8938}.Release|Any CPU.ActiveCfg = Release|Any CPU
		{7B2E9B87-580C-4D6E-854C-262BB18D8938}.Release|Any CPU.Build.0 = Release|Any CPU
	EndGlobalSection
	GlobalSection(SolutionProperties) = preSolution
		HideSolutionNode = FALSE
	EndGlobalSection
	GlobalSection(ExtensibilityGlobals) = postSolution
		SolutionGuid = {D39B0FC0-F0A0-45F3-BCE5-23D69541DAA0}
	EndGlobalSection
EndGlobal
